
Microsoft Visual Studio Solution File, Format Version 12.00
# Visual Studio Version 17
VisualStudioVersion = 17.5.33530.505
MinimumVisualStudioVersion = 10.0.40219.1
Project("{888888A0-9F3D-457C-B088-3A5042F75D52}") = "RBTree", "RBTree.pyproj", "{A9AFC0FB-4418-4F4E-8EBC-7516C16E07AA}"
EndProject
Global
	GlobalSection(SolutionConfigurationPlatforms) = preSolution
		Debug|Any CPU = Debug|Any CPU
		Release|Any CPU = Release|Any CPU
	EndGlobalSection
	GlobalSection(ProjectConfigurationPlatforms) = postSolution
		{A9AFC0FB-4418-4F4E-8EBC-7516C16E07AA}.Debug|Any CPU.ActiveCfg = Debug|Any CPU
		{A9AFC0FB-4418-4F4E-8EBC-7516C16E07AA}.Release|Any CPU.ActiveCfg = Release|Any CPU
	EndGlobalSection
	GlobalSection(SolutionProperties) = preSolution
		HideSolutionNode = FALSE
	EndGlobalSection
	GlobalSection(ExtensibilityGlobals) = postSolution
		SolutionGuid = {79702A41-578C-4340-8EC3-E307D2B4E187}
	EndGlobalSection
EndGlobal
